# THIS IS AN AUTOGENERATED FILE. DO NOT EDIT THIS FILE DIRECTLY.
# yarn lockfile v1


react-with-native-env@^0.0.3:
  version "0.0.3"
  resolved "https://registry.yarnpkg.com/react-with-native-env/-/react-with-native-env-0.0.3.tgz#57b0d83ee624c5589f3fba0411c8876f34503de8"
  integrity sha512-Q2Aqqvmu3djQiH9FCNdAoszi6RUPcLXkelS9geQsaBqS+JQckU4ZTcm+5ZEXBIDcLwlLIev1NJ56eIZRpcT5gg==

sensible-core@^1.0.7:
  version "1.0.7"
  resolved "https://registry.yarnpkg.com/sensible-core/-/sensible-core-1.0.7.tgz#60051840eaf424a986defa6e800088dd7a2b6672"
  integrity sha512-ju/6D5wPfBTLU5MqM3+CWTPJOUhVkPd9MwY/vv8D2QI7wxi3aidoR7NgFeckCLXpYXx+wqRwUConK/bhvlX8Mg==
